
Microsoft Visual Studio Solution File, Format Version 12.00
# Visual Studio Version 17
VisualStudioVersion = 17.2.32602.215
MinimumVisualStudioVersion = 10.0.40219.1
Project("{FAE04EC0-301F-11D3-BF4B-00C04F79EFBC}") = "PocztaPrzyszlosc", "PocztaPrzyszlosc\PocztaPrzyszlosc.csproj", "{CDDC7835-99F4-46D0-A543-8AF94FF826E3}"
EndProject
Global
	GlobalSection(SolutionConfigurationPlatforms) = preSolution
		Debug|Any CPU = Debug|Any CPU
		Release|Any CPU = Release|Any CPU
	EndGlobalSection
	GlobalSection(ProjectConfigurationPlatforms) = postSolution
		{CDDC7835-99F4-46D0-A543-8AF94FF826E3}.Debug|Any CPU.ActiveCfg = Debug|Any CPU
		{CDDC7835-99F4-46D0-A543-8AF94FF826E3}.Debug|Any CPU.Build.0 = Debug|Any CPU
		{CDDC7835-99F4-46D0-A543-8AF94FF826E3}.Release|Any CPU.ActiveCfg = Release|Any CPU
		{CDDC7835-99F4-46D0-A543-8AF94FF826E3}.Release|Any CPU.Build.0 = Release|Any CPU
	EndGlobalSection
	GlobalSection(SolutionProperties) = preSolution
		HideSolutionNode = FALSE
	EndGlobalSection
	GlobalSection(ExtensibilityGlobals) = postSolution
		SolutionGuid = {999ABB83-7E87-44EE-9581-081BA94E5A31}
	EndGlobalSection
EndGlobal
